
Microsoft Visual Studio Solution File, Format Version 12.00
# Visual Studio Version 17
VisualStudioVersion = 17.4.33122.133
MinimumVisualStudioVersion = 10.0.40219.1
Project("{8BC9CEB8-8B4A-11D0-8D11-00A0C91BC942}") = "Day01", "Day01\Day01.vcxproj", "{DBC30591-7768-4793-9D20-04CA6907C5A9}"
EndProject
Project("{8BC9CEB8-8B4A-11D0-8D11-00A0C91BC942}") = "Day02", "Day02\Day02.vcxproj", "{EC0CA3B2-4088-4FAC-A6F9-F86BB9273906}"
EndProject
Project("{8BC9CEB8-8B4A-11D0-8D11-00A0C91BC942}") = "Day03", "Day03\Day03.vcxproj", "{D2CB6454-306C-4C54-A79E-9B80772CD093}"
EndProject
Project("{2150E333-8FDC-42A3-9474-1A3956D46DE8}") = "Solution Items", "Solution Items", "{94AD1BC7-E716-46C3-A5B2-03381C15ADAE}"
	ProjectSection(SolutionItems) = preProject
		.gitignore = .gitignore
	EndProjectSection
EndProject
Project("{8BC9CEB8-8B4A-11D0-8D11-00A0C91BC942}") = "Day05", "Day05\Day05.vcxproj", "{6831B2B9-377A-45CD-971C-D4D476AAF907}"
EndProject
Project("{8BC9CEB8-8B4A-11D0-8D11-00A0C91BC942}") = "Day04", "Day04\Day04.vcxproj", "{7AFCCF57-092F-445B-A35F-050D5FC28F3D}"
EndProject
Project("{8BC9CEB8-8B4A-11D0-8D11-00A0C91BC942}") = "Day06", "Day06\Day06.vcxproj", "{B71E07B4-15C9-4BE1-A12D-D82AF3B4F727}"
EndProject
Project("{8BC9CEB8-8B4A-11D0-8D11-00A0C91BC942}") = "Day08", "Day08\Day08.vcxproj", "{327CB155-4942-4DE2-B19C-2038DCC8CB39}"
EndProject
Project("{8BC9CEB8-8B4A-11D0-8D11-00A0C91BC942}") = "Day07", "Day07\Day07.vcxproj", "{30217834-EB65-4F6B-A6C4-2E5E9ED42E0E}"
EndProject
Project("{8BC9CEB8-8B4A-11D0-8D11-00A0C91BC942}") = "Day09", "Day09\Day09.vcxproj", "{143B28C3-9FB2-41C9-B860-AD2FAF343534}"
EndProject
Project("{8BC9CEB8-8B4A-11D0-8D11-00A0C91BC942}") = "Day10", "Day10\Day10.vcxproj", "{45CFF371-89B2-445B-881D-79D4173BA4EA}"
EndProject
Project("{8BC9CEB8-8B4A-11D0-8D11-00A0C91BC942}") = "Day11", "Day11\Day11.vcxproj", "{B0217D5A-9512-4208-BE03-9AF7B35193F7}"
EndProject
Project("{8BC9CEB8-8B4A-11D0-8D11-00A0C91BC942}") = "Day12", "Day12\Day12.vcxproj", "{438DA2CA-A0A3-4EEB-BD04-ADB473EC8F49}"
EndProject
Project("{8BC9CEB8-8B4A-11D0-8D11-00A0C91BC942}") = "Day14", "Day14\Day14.vcxproj", "{0EC557BD-FED6-4D34-895E-A990BB329D6D}"
EndProject
Project("{8BC9CEB8-8B4A-11D0-8D11-00A0C91BC942}") = "Day15", "Day15\Day15.vcxproj", "{90DA9F99-8F27-4D87-9235-8FC44EBA2715}"
EndProject
Project("{8BC9CEB8-8B4A-11D0-8D11-00A0C91BC942}") = "Day13", "Day13\Day13.vcxproj", "{9D9A798D-A528-4905-A903-178C17869E1F}"
EndProject
Project("{8BC9CEB8-8B4A-11D0-8D11-00A0C91BC942}") = "Day16", "Day16\Day16.vcxproj", "{6CB84AF6-7660-450D-9DA8-357C93E1A269}"
EndProject
Project("{8BC9CEB8-8B4A-11D0-8D11-00A0C91BC942}") = "Utility", "Utility\Utility.vcxproj", "{522B331F-05B7-4A98-85A8-A8990539A76A}"
EndProject
Project("{8BC9CEB8-8B4A-11D0-8D11-00A0C91BC942}") = "Day18", "Day18\Day18.vcxproj", "{2E3E3D40-B87F-4F3C-87E4-A72534DAAC8B}"
EndProject
Project("{8BC9CEB8-8B4A-11D0-8D11-00A0C91BC942}") = "Day17", "Day17\Day17.vcxproj", "{657710C2-D681-45FE-9995-FD2D1BFC096B}"
EndProject
Global
	GlobalSection(SolutionConfigurationPlatforms) = preSolution
		Debug|x64 = Debug|x64
		Debug|x86 = Debug|x86
		Release|x64 = Release|x64
		Release|x86 = Release|x86
	EndGlobalSection
	GlobalSection(ProjectConfigurationPlatforms) = postSolution
		{DBC30591-7768-4793-9D20-04CA6907C5A9}.Debug|x64.ActiveCfg = Debug|x64
		{DBC30591-7768-4793-9D20-04CA6907C5A9}.Debug|x64.Build.0 = Debug|x64
		{DBC30591-7768-4793-9D20-04CA6907C5A9}.Debug|x86.ActiveCfg = Debug|x64
		{DBC30591-7768-4793-9D20-04CA6907C5A9}.Debug|x86.Build.0 = Debug|x64
		{DBC30591-7768-4793-9D20-04CA6907C5A9}.Release|x64.ActiveCfg = Release|x64
		{DBC30591-7768-4793-9D20-04CA6907C5A9}.Release|x64.Build.0 = Release|x64
		{DBC30591-7768-4793-9D20-04CA6907C5A9}.Release|x86.ActiveCfg = Release|x64
		{DBC30591-7768-4793-9D20-04CA6907C5A9}.Release|x86.Build.0 = Release|x64
		{EC0CA3B2-4088-4FAC-A6F9-F86BB9273906}.Debug|x64.ActiveCfg = Debug|x64
		{EC0CA3B2-4088-4FAC-A6F9-F86BB9273906}.Debug|x64.Build.0 = Debug|x64
		{EC0CA3B2-4088-4FAC-A6F9-F86BB9273906}.Debug|x86.ActiveCfg = Debug|x64
		{EC0CA3B2-4088-4FAC-A6F9-F86BB9273906}.Debug|x86.Build.0 = Debug|x64
		{EC0CA3B2-4088-4FAC-A6F9-F86BB9273906}.Release|x64.ActiveCfg = Release|x64
		{EC0CA3B2-4088-4FAC-A6F9-F86BB9273906}.Release|x64.Build.0 = Release|x64
		{EC0CA3B2-4088-4FAC-A6F9-F86BB9273906}.Release|x86.ActiveCfg = Release|x64
		{EC0CA3B2-4088-4FAC-A6F9-F86BB9273906}.Release|x86.Build.0 = Release|x64
		{D2CB6454-306C-4C54-A79E-9B80772CD093}.Debug|x64.ActiveCfg = Debug|x64
		{D2CB6454-306C-4C54-A79E-9B80772CD093}.Debug|x64.Build.0 = Debug|x64
		{D2CB6454-306C-4C54-A79E-9B80772CD093}.Debug|x86.ActiveCfg = Debug|x64
		{D2CB6454-306C-4C54-A79E-9B80772CD093}.Debug|x86.Build.0 = Debug|x64
		{D2CB6454-306C-4C54-A79E-9B80772CD093}.Release|x64.ActiveCfg = Release|x64
		{D2CB6454-306C-4C54-A79E-9B80772CD093}.Release|x64.Build.0 = Release|x64
		{D2CB6454-306C-4C54-A79E-9B80772CD093}.Release|x86.ActiveCfg = Release|x64
		{D2CB6454-306C-4C54-A79E-9B80772CD093}.Release|x86.Build.0 = Release|x64
		{6831B2B9-377A-45CD-971C-D4D476AAF907}.Debug|x64.ActiveCfg = Debug|x64
		{6831B2B9-377A-45CD-971C-D4D476AAF907}.Debug|x64.Build.0 = Debug|x64
		{6831B2B9-377A-45CD-971C-D4D476AAF907}.Debug|x86.ActiveCfg = Debug|x64
		{6831B2B9-377A-45CD-971C-D4D476AAF907}.Debug|x86.Build.0 = Debug|x64
		{6831B2B9-377A-45CD-971C-D4D476AAF907}.Release|x64.ActiveCfg = Release|x64
		{6831B2B9-377A-45CD-971C-D4D476AAF907}.Release|x64.Build.0 = Release|x64
		{6831B2B9-377A-45CD-971C-D4D476AAF907}.Release|x86.ActiveCfg = Release|x64
		{6831B2B9-377A-45CD-971C-D4D476AAF907}.Release|x86.Build.0 = Release|x64
		{7AFCCF57-092F-445B-A35F-050D5FC28F3D}.Debug|x64.ActiveCfg = Debug|x64
		{7AFCCF57-092F-445B-A35F-050D5FC28F3D}.Debug|x64.Build.0 = Debug|x64
		{7AFCCF57-092F-445B-A35F-050D5FC28F3D}.Debug|x86.ActiveCfg = Debug|x64
		{7AFCCF57-092F-445B-A35F-050D5FC28F3D}.Debug|x86.Build.0 = Debug|x64
		{7AFCCF57-092F-445B-A35F-050D5FC28F3D}.Release|x64.ActiveCfg = Release|x64
		{7AFCCF57-092F-445B-A35F-050D5FC28F3D}.Release|x64.Build.0 = Release|x64
		{7AFCCF57-092F-445B-A35F-050D5FC28F3D}.Release|x86.ActiveCfg = Release|x64
		{7AFCCF57-092F-445B-A35F-050D5FC28F3D}.Release|x86.Build.0 = Release|x64
		{B71E07B4-15C9-4BE1-A12D-D82AF3B4F727}.Debug|x64.ActiveCfg = Debug|x64
		{B71E07B4-15C9-4BE1-A12D-D82AF3B4F727}.Debug|x64.Build.0 = Debug|x64
		{B71E07B4-15C9-4BE1-A12D-D82AF3B4F727}.Debug|x86.ActiveCfg = Debug|x64
		{B71E07B4-15C9-4BE1-A12D-D82AF3B4F727}.Debug|x86.Build.0 = Debug|x64
		{B71E07B4-15C9-4BE1-A12D-D82AF3B4F727}.Release|x64.ActiveCfg = Release|x64
		{B71E07B4-15C9-4BE1-A12D-D82AF3B4F727}.Release|x64.Build.0 = Release|x64
		{B71E07B4-15C9-4BE1-A12D-D82AF3B4F727}.Release|x86.ActiveCfg = Release|x64
		{B71E07B4-15C9-4BE1-A12D-D82AF3B4F727}.Release|x86.Build.0 = Release|x64
		{327CB155-4942-4DE2-B19C-2038DCC8CB39}.Debug|x64.ActiveCfg = Debug|x64
		{327CB155-4942-4DE2-B19C-2038DCC8CB39}.Debug|x64.Build.0 = Debug|x64
		{327CB155-4942-4DE2-B19C-2038DCC8CB39}.Debug|x86.ActiveCfg = Debug|x64
		{327CB155-4942-4DE2-B19C-2038DCC8CB39}.Debug|x86.Build.0 = Debug|x64
		{327CB155-4942-4DE2-B19C-2038DCC8CB39}.Release|x64.ActiveCfg = Release|x64
		{327CB155-4942-4DE2-B19C-2038DCC8CB39}.Release|x64.Build.0 = Release|x64
		{327CB155-4942-4DE2-B19C-2038DCC8CB39}.Release|x86.ActiveCfg = Release|x64
		{327CB155-4942-4DE2-B19C-2038DCC8CB39}.Release|x86.Build.0 = Release|x64
		{30217834-EB65-4F6B-A6C4-2E5E9ED42E0E}.Debug|x64.ActiveCfg = Debug|x64
		{30217834-EB65-4F6B-A6C4-2E5E9ED42E0E}.Debug|x64.Build.0 = Debug|x64
		{30217834-EB65-4F6B-A6C4-2E5E9ED42E0E}.Debug|x86.ActiveCfg = Debug|x64
		{30217834-EB65-4F6B-A6C4-2E5E9ED42E0E}.Debug|x86.Build.0 = Debug|x64
		{30217834-EB65-4F6B-A6C4-2E5E9ED42E0E}.Release|x64.ActiveCfg = Release|x64
		{30217834-EB65-4F6B-A6C4-2E5E9ED42E0E}.Release|x64.Build.0 = Release|x64
		{30217834-EB65-4F6B-A6C4-2E5E9ED42E0E}.Release|x86.ActiveCfg = Release|x64
		{30217834-EB65-4F6B-A6C4-2E5E9ED42E0E}.Release|x86.Build.0 = Release|x64
		{143B28C3-9FB2-41C9-B860-AD2FAF343534}.Debug|x64.ActiveCfg = Debug|x64
		{143B28C3-9FB2-41C9-B860-AD2FAF343534}.Debug|x64.Build.0 = Debug|x64
		{143B28C3-9FB2-41C9-B860-AD2FAF343534}.Debug|x86.ActiveCfg = Debug|x64
		{143B28C3-9FB2-41C9-B860-AD2FAF343534}.Debug|x86.Build.0 = Debug|x64
		{143B28C3-9FB2-41C9-B860-AD2FAF343534}.Release|x64.ActiveCfg = Release|x64
		{143B28C3-9FB2-41C9-B860-AD2FAF343534}.Release|x64.Build.0 = Release|x64
		{143B28C3-9FB2-41C9-B860-AD2FAF343534}.Release|x86.ActiveCfg = Release|x64
		{143B28C3-9FB2-41C9-B860-AD2FAF343534}.Release|x86.Build.0 = Release|x64
		{45CFF371-89B2-445B-881D-79D4173BA4EA}.Debug|x64.ActiveCfg = Debug|x64
		{45CFF371-89B2-445B-881D-79D4173BA4EA}.Debug|x64.Build.0 = Debug|x64
		{45CFF371-89B2-445B-881D-79D4173BA4EA}.Debug|x86.ActiveCfg = Debug|x64
		{45CFF371-89B2-445B-881D-79D4173BA4EA}.Debug|x86.Build.0 = Debug|x64
		{45CFF371-89B2-445B-881D-79D4173BA4EA}.Release|x64.ActiveCfg = Release|x64
		{45CFF371-89B2-445B-881D-79D4173BA4EA}.Release|x64.Build.0 = Release|x64
		{45CFF371-89B2-445B-881D-79D4173BA4EA}.Release|x86.ActiveCfg = Release|x64
		{45CFF371-89B2-445B-881D-79D4173BA4EA}.Release|x86.Build.0 = Release|x64
		{B0217D5A-9512-4208-BE03-9AF7B35193F7}.Debug|x64.ActiveCfg = Debug|x64
		{B0217D5A-9512-4208-BE03-9AF7B35193F7}.Debug|x64.Build.0 = Debug|x64
		{B0217D5A-9512-4208-BE03-9AF7B35193F7}.Debug|x86.ActiveCfg = Debug|x64
		{B0217D5A-9512-4208-BE03-9AF7B35193F7}.Debug|x86.Build.0 = Debug|x64
		{B0217D5A-9512-4208-BE03-9AF7B35193F7}.Release|x64.ActiveCfg = Release|x64
		{B0217D5A-9512-4208-BE03-9AF7B35193F7}.Release|x64.Build.0 = Release|x64
		{B0217D5A-9512-4208-BE03-9AF7B35193F7}.Release|x86.ActiveCfg = Release|x64
		{B0217D5A-9512-4208-BE03-9AF7B35193F7}.Release|x86.Build.0 = Release|x64
		{438DA2CA-A0A3-4EEB-BD04-ADB473EC8F49}.Debug|x64.ActiveCfg = Debug|x64
		{438DA2CA-A0A3-4EEB-BD04-ADB473EC8F49}.Debug|x64.Build.0 = Debug|x64
		{438DA2CA-A0A3-4EEB-BD04-ADB473EC8F49}.Debug|x86.ActiveCfg = Debug|x64
		{438DA2CA-A0A3-4EEB-BD04-ADB473EC8F49}.Debug|x86.Build.0 = Debug|x64
		{438DA2CA-A0A3-4EEB-BD04-ADB473EC8F49}.Release|x64.ActiveCfg = Release|x64
		{438DA2CA-A0A3-4EEB-BD04-ADB473EC8F49}.Release|x64.Build.0 = Release|x64
		{438DA2CA-A0A3-4EEB-BD04-ADB473EC8F49}.Release|x86.ActiveCfg = Release|x64
		{438DA2CA-A0A3-4EEB-BD04-ADB473EC8F49}.Release|x86.Build.0 = Release|x64
		{0EC557BD-FED6-4D34-895E-A990BB329D6D}.Debug|x64.ActiveCfg = Debug|x64
		{0EC557BD-FED6-4D34-895E-A990BB329D6D}.Debug|x64.Build.0 = Debug|x64
		{0EC557BD-FED6-4D34-895E-A990BB329D6D}.Debug|x86.ActiveCfg = Debug|x64
		{0EC557BD-FED6-4D34-895E-A990BB329D6D}.Debug|x86.Build.0 = Debug|x64
		{0EC557BD-FED6-4D34-895E-A990BB329D6D}.Release|x64.ActiveCfg = Release|x64
		{0EC557BD-FED6-4D34-895E-A990BB329D6D}.Release|x64.Build.0 = Release|x64
		{0EC557BD-FED6-4D34-895E-A990BB329D6D}.Release|x86.ActiveCfg = Release|x64
		{0EC557BD-FED6-4D34-895E-A990BB329D6D}.Release|x86.Build.0 = Release|x64
		{90DA9F99-8F27-4D87-9235-8FC44EBA2715}.Debug|x64.ActiveCfg = Debug|x64
		{90DA9F99-8F27-4D87-9235-8FC44EBA2715}.Debug|x64.Build.0 = Debug|x64
		{90DA9F99-8F27-4D87-9235-8FC44EBA2715}.Debug|x86.ActiveCfg = Debug|x64
		{90DA9F99-8F27-4D87-9235-8FC44EBA2715}.Debug|x86.Build.0 = Debug|x64
		{90DA9F99-8F27-4D87-9235-8FC44EBA2715}.Release|x64.ActiveCfg = Release|x64
		{90DA9F99-8F27-4D87-9235-8FC44EBA2715}.Release|x64.Build.0 = Release|x64
		{90DA9F99-8F27-4D87-9235-8FC44EBA2715}.Release|x86.ActiveCfg = Release|x64
		{90DA9F99-8F27-4D87-9235-8FC44EBA2715}.Release|x86.Build.0 = Release|x64
		{9D9A798D-A528-4905-A903-178C17869E1F}.Debug|x64.ActiveCfg = Debug|x64
		{9D9A798D-A528-4905-A903-178C17869E1F}.Debug|x64.Build.0 = Debug|x64
		{9D9A798D-A528-4905-A903-178C17869E1F}.Debug|x86.ActiveCfg = Debug|x64
		{9D9A798D-A528-4905-A903-178C17869E1F}.Debug|x86.Build.0 = Debug|x64
		{9D9A798D-A528-4905-A903-178C17869E1F}.Release|x64.ActiveCfg = Release|x64
		{9D9A798D-A528-4905-A903-178C17869E1F}.Release|x64.Build.0 = Release|x64
		{9D9A798D-A528-4905-A903-178C17869E1F}.Release|x86.ActiveCfg = Release|x64
		{9D9A798D-A528-4905-A903-178C17869E1F}.Release|x86.Build.0 = Release|x64
		{6CB84AF6-7660-450D-9DA8-357C93E1A269}.Debug|x64.ActiveCfg = Debug|x64
		{6CB84AF6-7660-450D-9DA8-357C93E1A269}.Debug|x64.Build.0 = Debug|x64
		{6CB84AF6-7660-450D-9DA8-357C93E1A269}.Debug|x86.ActiveCfg = Debug|x64
		{6CB84AF6-7660-450D-9DA8-357C93E1A269}.Debug|x86.Build.0 = Debug|x64
		{6CB84AF6-7660-450D-9DA8-357C93E1A269}.Release|x64.ActiveCfg = Release|x64
		{6CB84AF6-7660-450D-9DA8-357C93E1A269}.Release|x64.Build.0 = Release|x64
		{6CB84AF6-7660-450D-9DA8-357C93E1A269}.Release|x86.ActiveCfg = Release|x64
		{6CB84AF6-7660-450D-9DA8-357C93E1A269}.Release|x86.Build.0 = Release|x64
		{522B331F-05B7-4A98-85A8-A8990539A76A}.Debug|x64.ActiveCfg = Debug|x64
		{522B331F-05B7-4A98-85A8-A8990539A76A}.Debug|x64.Build.0 = Debug|x64
		{522B331F-05B7-4A98-85A8-A8990539A76A}.Debug|x86.ActiveCfg = Debug|Win32
		{522B331F-05B7-4A98-85A8-A8990539A76A}.Debug|x86.Build.0 = Debug|Win32
		{522B331F-05B7-4A98-85A8-A8990539A76A}.Release|x64.ActiveCfg = Release|x64
		{522B331F-05B7-4A98-85A8-A8990539A76A}.Release|x64.Build.0 = Release|x64
		{522B331F-05B7-4A98-85A8-A8990539A76A}.Release|x86.ActiveCfg = Release|Win32
		{522B331F-05B7-4A98-85A8-A8990539A76A}.Release|x86.Build.0 = Release|Win32
		{2E3E3D40-B87F-4F3C-87E4-A72534DAAC8B}.Debug|x64.ActiveCfg = Debug|x64
		{2E3E3D40-B87F-4F3C-87E4-A72534DAAC8B}.Debug|x64.Build.0 = Debug|x64
		{2E3E3D40-B87F-4F3C-87E4-A72534DAAC8B}.Debug|x86.ActiveCfg = Debug|x64
		{2E3E3D40-B87F-4F3C-87E4-A72534DAAC8B}.Debug|x86.Build.0 = Debug|x64
		{2E3E3D40-B87F-4F3C-87E4-A72534DAAC8B}.Release|x64.ActiveCfg = Release|x64
		{2E3E3D40-B87F-4F3C-87E4-A72534DAAC8B}.Release|x64.Build.0 = Release|x64
		{2E3E3D40-B87F-4F3C-87E4-A72534DAAC8B}.Release|x86.ActiveCfg = Release|x64
		{2E3E3D40-B87F-4F3C-87E4-A72534DAAC8B}.Release|x86.Build.0 = Release|x64
		{657710C2-D681-45FE-9995-FD2D1BFC096B}.Debug|x64.ActiveCfg = Debug|x64
		{657710C2-D681-45FE-9995-FD2D1BFC096B}.Debug|x64.Build.0 = Debug|x64
		{657710C2-D681-45FE-9995-FD2D1BFC096B}.Debug|x86.ActiveCfg = Debug|x64
		{657710C2-D681-45FE-9995-FD2D1BFC096B}.Debug|x86.Build.0 = Debug|x64
		{657710C2-D681-45FE-9995-FD2D1BFC096B}.Release|x64.ActiveCfg = Release|x64
		{657710C2-D681-45FE-9995-FD2D1BFC096B}.Release|x64.Build.0 = Release|x64
		{657710C2-D681-45FE-9995-FD2D1BFC096B}.Release|x86.ActiveCfg = Release|x64
		{657710C2-D681-45FE-9995-FD2D1BFC096B}.Release|x86.Build.0 = Release|x64
	EndGlobalSection
	GlobalSection(SolutionProperties) = preSolution
		HideSolutionNode = FALSE
	EndGlobalSection
	GlobalSection(ExtensibilityGlobals) = postSolution
		SolutionGuid = {9D0ADD98-F23F-4DE3-87F0-E80F619980D7}
	EndGlobalSection
EndGlobal
